
Microsoft Visual Studio Solution File, Format Version 12.00
# Visual Studio Version 16
VisualStudioVersion = 16.0.30621.155
MinimumVisualStudioVersion = 10.0.40219.1
Project("{9A19103F-16F7-4668-BE54-9A1E7A4F7556}") = "asb-data-service", "asb-data-service\asb-data-service.csproj", "{8C2623A1-5C0B-4E44-9AB3-775A17E484CD}"
EndProject
Global
	GlobalSection(SolutionConfigurationPlatforms) = preSolution
		Debug|Any CPU = Debug|Any CPU
		Release|Any CPU = Release|Any CPU
	EndGlobalSection
	GlobalSection(ProjectConfigurationPlatforms) = postSolution
		{8C2623A1-5C0B-4E44-9AB3-775A17E484CD}.Debug|Any CPU.ActiveCfg = Debug|Any CPU
		{8C2623A1-5C0B-4E44-9AB3-775A17E484CD}.Debug|Any CPU.Build.0 = Debug|Any CPU
		{8C2623A1-5C0B-4E44-9AB3-775A17E484CD}.Release|Any CPU.ActiveCfg = Release|Any CPU
		{8C2623A1-5C0B-4E44-9AB3-775A17E484CD}.Release|Any CPU.Build.0 = Release|Any CPU
	EndGlobalSection
	GlobalSection(SolutionProperties) = preSolution
		HideSolutionNode = FALSE
	EndGlobalSection
	GlobalSection(ExtensibilityGlobals) = postSolution
		SolutionGuid = {D30F3E9B-37DD-4502-B949-DDFA527846B8}
	EndGlobalSection
EndGlobal
